// !$*UTF8*$!
{
	archiveVersion = 1;
	classes = {
	};
	objectVersion = 46;
	objects = {

/* Begin PBXBuildFile section */
		FC1F0F061C4C8514005387DC /* AppDelegate.swift in Sources */ = {isa = PBXBuildFile; fileRef = FC1F0F051C4C8514005387DC /* AppDelegate.swift */; };
		FC1F0F081C4C8514005387DC /* ViewController.swift in Sources */ = {isa = PBXBuildFile; fileRef = FC1F0F071C4C8514005387DC /* ViewController.swift */; };
		FC1F0F0B1C4C8514005387DC /* Main.storyboard in Resources */ = {isa = PBXBuildFile; fileRef = FC1F0F091C4C8514005387DC /* Main.storyboard */; };
		FC1F0F0D1C4C8514005387DC /* Assets.xcassets in Resources */ = {isa = PBXBuildFile; fileRef = FC1F0F0C1C4C8514005387DC /* Assets.xcassets */; };
		FC1F0F101C4C8514005387DC /* LaunchScreen.storyboard in Resources */ = {isa = PBXBuildFile; fileRef = FC1F0F0E1C4C8514005387DC /* LaunchScreen.storyboard */; };
/* End PBXBuildFile section */

/* Begin PBXFileReference section */
		FC1F0F021C4C8514005387DC /* CollectionView in TableView.app */ = {isa = PBXFileReference; explicitFileType = wrapper.application; includeInIndex = 0; path = "CollectionView in TableView.app"; sourceTree = BUILT_PRODUCTS_DIR; };
		FC1F0F051C4C8514005387DC /* AppDelegate.swift */ = {isa = PBXFileReference; lastKnownFileType = sourcecode.swift; path = AppDelegate.swift; sourceTree = "<group>"; };
		FC1F0F071C4C8514005387DC /* ViewController.swift */ = {isa = PBXFileReference; lastKnownFileType = sourcecode.swift; path = ViewController.swift; sourceTree = "<group>"; };
		FC1F0F0A1C4C8514005387DC /* Base */ = {isa = PBXFileReference; lastKnownFileType = file.storyboard; name = Base; path = Base.lproj/Main.storyboard; sourceTree = "<group>"; };
		FC1F0F0C1C4C8514005387DC /* Assets.xcassets */ = {isa = PBXFileReference; lastKnownFileType = folder.assetcatalog; path = Assets.xcassets; sourceTree = "<group>"; };
		FC1F0F0F1C4C8514005387DC /* Base */ = {isa = PBXFileReference; lastKnownFileType = file.storyboard; name = Base; path = Base.lproj/LaunchScreen.storyboard; sourceTree = "<group>"; };
		FC1F0F111C4C8514005387DC /* Info.plist */ = {isa = PBXFileReference; lastKnownFileType = text.plist.xml; path = Info.plist; sourceTree = "<group>"; };
/* End PBXFileReference section */

/* Begin PBXFrameworksBuildPhase section */
		FC1F0EFF1C4C8514005387DC /* Frameworks */ = {
			isa = PBXFrameworksBuildPhase;
			buildActionMask = 2147483647;
			files = (
			);
			runOnlyForDeploymentPostprocessing = 0;
		};
/* End PBXFrameworksBuildPhase section */

/* Begin PBXGroup section */
		FC1F0EF91C4C8514005387DC = {
			isa = PBXGroup;
			children = (
				FC1F0F041C4C8514005387DC /* CollectionView in TableView */,
				FC1F0F031C4C8514005387DC /* Products */,
			);
			sourceTree = "<group>";
		};
		FC1F0F031C4C8514005387DC /* Products */ = {
			isa = PBXGroup;
			children = (
				FC1F0F021C4C8514005387DC /* CollectionView in TableView.app */,
			);
			name = Products;
			sourceTree = "<group>";
		};
		FC1F0F041C4C8514005387DC /* CollectionView in TableView */ = {
			isa = PBXGroup;
			children = (
				FC1F0F051C4C8514005387DC /* AppDelegate.swift */,
				FC1F0F071C4C8514005387DC /* ViewController.swift */,
				FC1F0F091C4C8514005387DC /* Main.storyboard */,
				FC1F0F0C1C4C8514005387DC /* Assets.xcassets */,
				FC1F0F0E1C4C8514005387DC /* LaunchScreen.storyboard */,
				FC1F0F111C4C8514005387DC /* Info.plist */,
			);
			path = "CollectionView in TableView";
			sourceTree = "<group>";
		};
/* End PBXGroup section */

/* Begin PBXNativeTarget section */
		FC1F0F011C4C8514005387DC /* CollectionView in TableView */ = {
			isa = PBXNativeTarget;
			buildConfigurationList = FC1F0F141C4C8514005387DC /* Build configuration list for PBXNativeTarget "CollectionView in TableView" */;
			buildPhases = (
				FC1F0EFE1C4C8514005387DC /* Sources */,
				FC1F0EFF1C4C8514005387DC /* Frameworks */,
				FC1F0F001C4C8514005387DC /* Resources */,
			);
			buildRules = (
			);
			dependencies = (
			);
			name = "CollectionView in TableView";
			productName = "CollectionView in TableView";
			productReference = FC1F0F021C4C8514005387DC /* CollectionView in TableView.app */;
			productType = "com.apple.product-type.application";
		};
/* End PBXNativeTarget section */

/* Begin PBXProject section */
		FC1F0EFA1C4C8514005387DC /* Project object */ = {
			isa = PBXProject;
			attributes = {
				LastSwiftUpdateCheck = 0720;
				LastUpgradeCheck = 0720;
				ORGANIZATIONNAME = JON;
				TargetAttributes = {
					FC1F0F011C4C8514005387DC = {
						CreatedOnToolsVersion = 7.2;
					};
				};
			};
			buildConfigurationList = FC1F0EFD1C4C8514005387DC /* Build configuration list for PBXProject "CollectionView in TableView" */;
			compatibilityVersion = "Xcode 3.2";
			developmentRegion = English;
			hasScannedForEncodings = 0;
			knownRegions = (
				en,
				Base,
			);
			mainGroup = FC1F0EF91C4C8514005387DC;
			productRefGroup = FC1F0F031C4C8514005387DC /* Products */;
			projectDirPath = "";
			projectRoot = "";
			targets = (
				FC1F0F011C4C8514005387DC /* CollectionView in TableView */,
			);
		};
/* End PBXProject section */

/* Begin PBXResourcesBuildPhase section */
		FC1F0F001C4C8514005387DC /* Resources */ = {
			isa = PBXResourcesBuildPhase;
			buildActionMask = 2147483647;
			files = (
				FC1F0F101C4C8514005387DC /* LaunchScreen.storyboard in Resources */,
				FC1F0F0D1C4C8514005387DC /* Assets.xcassets in Resources */,
				FC1F0F0B1C4C8514005387DC /* Main.storyboard in Resources */,
			);
			runOnlyForDeploymentPostprocessing = 0;
		};
/* End PBXResourcesBuildPhase section */

/* Begin PBXSourcesBuildPhase section */
		FC1F0EFE1C4C8514005387DC /* Sources */ = {
			isa = PBXSourcesBuildPhase;
			buildActionMask = 2147483647;
			files = (
				FC1F0F081C4C8514005387DC /* ViewController.swift in Sources */,
				FC1F0F061C4C8514005387DC /* AppDelegate.swift in Sources */,
			);
			runOnlyForDeploymentPostprocessing = 0;
		};
/* End PBXSourcesBuildPhase section */

/* Begin PBXVariantGroup section */
		FC1F0F091C4C8514005387DC /* Main.storyboard */ = {
			isa = PBXVariantGroup;
			children = (
				FC1F0F0A1C4C8514005387DC /* Base */,
			);
			name = Main.storyboard;
			sourceTree = "<group>";
		};
		FC1F0F0E1C4C8514005387DC /* LaunchScreen.storyboard */ = {
			isa = PBXVariantGroup;
			children = (
				FC1F0F0F1C4C8514005387DC /* Base */,
			);
			name = LaunchScreen.storyboard;
			sourceTree = "<group>";
		};
/* End PBXVariantGroup section */

/* Begin XCBuildConfiguration section */
		FC1F0F121C4C8514005387DC /* Debug */ = {
			isa = XCBuildConfiguration;
			buildSettings = {
				ALWAYS_SEARCH_USER_PATHS = NO;
				CLANG_CXX_LANGUAGE_STANDARD = "gnu++0x";
				CLANG_CXX_LIBRARY = "libc++";
				CLANG_ENABLE_MODULES = YES;
				CLANG_ENABLE_OBJC_ARC = YES;
				CLANG_WARN_BOOL_CONVERSION = YES;
				CLANG_WARN_CONSTANT_CONVERSION = YES;
				CLANG_WARN_DIRECT_OBJC_ISA_USAGE = YES_ERROR;
				CLANG_WARN_EMPTY_BODY = YES;
				CLANG_WARN_ENUM_CONVERSION = YES;
				CLANG_WARN_INT_CONVERSION = YES;
				CLANG_WARN_OBJC_ROOT_CLASS = YES_ERROR;
				CLANG_WARN_UNREACHABLE_CODE = YES;
				CLANG_WARN__DUPLICATE_METHOD_MATCH = YES;
				"CODE_SIGN_IDENTITY[sdk=iphoneos*]" = "iPhone Developer";
				COPY_PHASE_STRIP = NO;
				DEBUG_INFORMATION_FORMAT = dwarf;
				ENABLE_STRICT_OBJC_MSGSEND = YES;
				ENABLE_TESTABILITY = YES;
				GCC_C_LANGUAGE_STANDARD = gnu99;
				GCC_DYNAMIC_NO_PIC = NO;
				GCC_NO_COMMON_BLOCKS = YES;
				GCC_OPTIMIZATION_LEVEL = 0;
				GCC_PREPROCESSOR_DEFINITIONS = (
					"DEBUG=1",
					"$(inherited)",
				);
				GCC_WARN_64_TO_32_BIT_CONVERSION = YES;
				GCC_WARN_ABOUT_RETURN_TYPE = YES_ERROR;
				GCC_WARN_UNDECLARED_SELECTOR = YES;
				GCC_WARN_UNINITIALIZED_AUTOS = YES_AGGRESSIVE;
				GCC_WARN_UNUSED_FUNCTION = YES;
				GCC_WARN_UNUSED_VARIABLE = YES;
				IPHONEOS_DEPLOYMENT_TARGET = 9.2;
				MTL_ENABLE_DEBUG_INFO = YES;
				ONLY_ACTIVE_ARCH = YES;
				SDKROOT = iphoneos;
				SWIFT_OPTIMIZATION_LEVEL = "-Onone";
				TARGETED_DEVICE_FAMILY = "1,2";
			};
			name = Debug;
		};
		FC1F0F131C4C8514005387DC /* Release */ = {
			isa = XCBuildConfiguration;
			buildSettings = {
				ALWAYS_SEARCH_USER_PATHS = NO;
				CLANG_CXX_LANGUAGE_STANDARD = "gnu++0x";
				CLANG_CXX_LIBRARY = "libc++";
				CLANG_ENABLE_MODULES = YES;
				CLANG_ENABLE_OBJC_ARC = YES;
				CLANG_WARN_BOOL_CONVERSION = YES;
				CLANG_WARN_CONSTANT_CONVERSION = YES;
				CLANG_WARN_DIRECT_OBJC_ISA_USAGE = YES_ERROR;
				CLANG_WARN_EMPTY_BODY = YES;
				CLANG_WARN_ENUM_CONVERSION = YES;
				CLANG_WARN_INT_CONVERSION = YES;
				CLANG_WARN_OBJC_ROOT_CLASS = YES_ERROR;
				CLANG_WARN_UNREACHABLE_CODE = YES;
				CLANG_WARN__DUPLICATE_METHOD_MATCH = YES;
				"CODE_SIGN_IDENTITY[sdk=iphoneos*]" = "iPhone Developer";
				COPY_PHASE_STRIP = NO;
				DEBUG_INFORMATION_FORMAT = "dwarf-with-dsym";
				ENABLE_NS_ASSERTIONS = NO;
				ENABLE_STRICT_OBJC_MSGSEND = YES;
				GCC_C_LANGUAGE_STANDARD = gnu99;
				GCC_NO_COMMON_BLOCKS = YES;
				GCC_WARN_64_TO_32_BIT_CONVERSION = YES;
				GCC_WARN_ABOUT_RETURN_TYPE = YES_ERROR;
				GCC_WARN_UNDECLARED_SELECTOR = YES;
				GCC_WARN_UNINITIALIZED_AUTOS = YES_AGGRESSIVE;
				GCC_WARN_UNUSED_FUNCTION = YES;
				GCC_WARN_UNUSED_VARIABLE = YES;
				IPHONEOS_DEPLOYMENT_TARGET = 9.2;
				MTL_ENABLE_DEBUG_INFO = NO;
				SDKROOT = iphoneos;
				TARGETED_DEVICE_FAMILY = "1,2";
				VALIDATE_PRODUCT = YES;
			};
			name = Release;
		};
		FC1F0F151C4C8514005387DC /* Debug */ = {
			isa = XCBuildConfiguration;
			buildSettings = {
				ASSETCATALOG_COMPILER_APPICON_NAME = AppIcon;
				INFOPLIST_FILE = "CollectionView in TableView/Info.plist";
				LD_RUNPATH_SEARCH_PATHS = "$(inherited) @executable_path/Frameworks";
				PRODUCT_BUNDLE_IDENTIFIER = "com.magdowski.jon.CollectionView-in-TableView";
				PRODUCT_NAME = "$(TARGET_NAME)";
			};
			name = Debug;
		};
		FC1F0F161C4C8514005387DC /* Release */ = {
			isa = XCBuildConfiguration;
			buildSettings = {
				ASSETCATALOG_COMPILER_APPICON_NAME = AppIcon;
				INFOPLIST_FILE = "CollectionView in TableView/Info.plist";
				LD_RUNPATH_SEARCH_PATHS = "$(inherited) @executable_path/Frameworks";
				PRODUCT_BUNDLE_IDENTIFIER = "com.magdowski.jon.CollectionView-in-TableView";
				PRODUCT_NAME = "$(TARGET_NAME)";
			};
			name = Release;
		};
/* End XCBuildConfiguration section */

/* Begin XCConfigurationList section */
		FC1F0EFD1C4C8514005387DC /* Build configuration list for PBXProject "CollectionView in TableView" */ = {
			isa = XCConfigurationList;
			buildConfigurations = (
				FC1F0F121C4C8514005387DC /* Debug */,
				FC1F0F131C4C8514005387DC /* Release */,
			);
			defaultConfigurationIsVisible = 0;
			defaultConfigurationName = Release;
		};
		FC1F0F141C4C8514005387DC /* Build configuration list for PBXNativeTarget "CollectionView in TableView" */ = {
			isa = XCConfigurationList;
			buildConfigurations = (
				FC1F0F151C4C8514005387DC /* Debug */,
				FC1F0F161C4C8514005387DC /* Release */,
			);
			defaultConfigurationIsVisible = 0;
		};
/* End XCConfigurationList section */
	};
	rootObject = FC1F0EFA1C4C8514005387DC /* Project object */;
}
